
Microsoft Visual Studio Solution File, Format Version 12.00
# Visual Studio Version 16
VisualStudioVersion = 16.0.33214.272
MinimumVisualStudioVersion = 10.0.40219.1
Project("{8BC9CEB8-8B4A-11D0-8D11-00A0C91BC942}") = "RahiTuber", "RahiTuber.vcxproj", "{281A839A-335A-45E3-BE08-7C8DE69ECBD1}"
EndProject
Global
	GlobalSection(SolutionConfigurationPlatforms) = preSolution
		Debug|x64 = Debug|x64
		Debug|x86 = Debug|x86
		Release|x64 = Release|x64
		Release|x86 = Release|x86
	EndGlobalSection
	GlobalSection(ProjectConfigurationPlatforms) = postSolution
		{281A839A-335A-45E3-BE08-7C8DE69ECBD1}.Debug|x64.ActiveCfg = Debug|x64
		{281A839A-335A-45E3-BE08-7C8DE69ECBD1}.Debug|x64.Build.0 = Debug|x64
		{281A839A-335A-45E3-BE08-7C8DE69ECBD1}.Debug|x86.ActiveCfg = Debug|Win32
		{281A839A-335A-45E3-BE08-7C8DE69ECBD1}.Debug|x86.Build.0 = Debug|Win32
		{281A839A-335A-45E3-BE08-7C8DE69ECBD1}.Release|x64.ActiveCfg = Release|x64
		{281A839A-335A-45E3-BE08-7C8DE69ECBD1}.Release|x64.Build.0 = Release|x64
		{281A839A-335A-45E3-BE08-7C8DE69ECBD1}.Release|x86.ActiveCfg = Release|Win32
		{281A839A-335A-45E3-BE08-7C8DE69ECBD1}.Release|x86.Build.0 = Release|Win32
	EndGlobalSection
	GlobalSection(SolutionProperties) = preSolution
		HideSolutionNode = FALSE
	EndGlobalSection
	GlobalSection(ExtensibilityGlobals) = postSolution
		SolutionGuid = {428C48F3-2EDD-4E0E-9288-DDC429058DD6}
	EndGlobalSection
EndGlobal
